Microsoft Visual Studio Solution File, Format Version 12.00
# Visual Studio Version 17
VisualStudioVersion = 17.5.2.0
MinimumVisualStudioVersion = 10.0.40219.1
Project("{FAE04EC0-301F-11D3-BF4B-00C04F79EFBC}") = "JSONtoYML", "JSONtoYML.csproj", "{ECE02A33-B0F8-C137-6714-8F0E8E4F1D19}"
EndProject
Global
	GlobalSection(SolutionConfigurationPlatforms) = preSolution
		Debug|Any CPU = Debug|Any CPU
		Release|Any CPU = Release|Any CPU
	EndGlobalSection
	GlobalSection(ProjectConfigurationPlatforms) = postSolution
		{ECE02A33-B0F8-C137-6714-8F0E8E4F1D19}.Debug|Any CPU.ActiveCfg = Debug|Any CPU
		{ECE02A33-B0F8-C137-6714-8F0E8E4F1D19}.Debug|Any CPU.Build.0 = Debug|Any CPU
		{ECE02A33-B0F8-C137-6714-8F0E8E4F1D19}.Release|Any CPU.ActiveCfg = Release|Any CPU
		{ECE02A33-B0F8-C137-6714-8F0E8E4F1D19}.Release|Any CPU.Build.0 = Release|Any CPU
	EndGlobalSection
	GlobalSection(SolutionProperties) = preSolution
		HideSolutionNode = FALSE
	EndGlobalSection
	GlobalSection(ExtensibilityGlobals) = postSolution
		SolutionGuid = {CBF63BA8-D644-434A-BC59-07DE94559EA0}
	EndGlobalSection
EndGlobal
